{
  "name": "finance-accumulator",
  "lockfileVersion": 3,
  "requires": true,
  "packages": {
    "": {
      "dependencies": {
        "nordigen-bank-ui": "^1.5.3"
      }
    },
    "node_modules/nordigen-bank-ui": {
      "version": "1.5.3",
      "resolved": "https://registry.npmjs.org/nordigen-bank-ui/-/nordigen-bank-ui-1.5.3.tgz",
      "integrity": "sha512-gddtDv00c0/Ohy7hg8LMI6zOB2VsDMML6apjPZTEFDu5i8+Ud00+wUQASt+zrK/iyHHDn5m3nCg9a2MJJtzHuQ=="
    }
  }
}
